
Microsoft Visual Studio Solution File, Format Version 12.00
# Visual Studio Version 17
VisualStudioVersion = 17.3.32901.215
MinimumVisualStudioVersion = 10.0.40219.1
Project("{2150E333-8FDC-42A3-9474-1A3956D46DE8}") = "Autenticacao", "Autenticacao", "{44833BAD-36E1-4270-B35F-32F5F0E85DA2}"
EndProject
Project("{2150E333-8FDC-42A3-9474-1A3956D46DE8}") = "MS-OMS", "MS-OMS", "{6A0D97E0-29AA-40DF-A1F5-82CD38D2F467}"
EndProject
Project("{2150E333-8FDC-42A3-9474-1A3956D46DE8}") = "MS-WMS", "MS-WMS", "{D0B2C178-1881-4C0D-87AA-C94EE7BB04EB}"
EndProject
Project("{9A19103F-16F7-4668-BE54-9A1E7A4F7556}") = "Domain", "Autenticacao\Domain\Domain.csproj", "{3A1849CF-812F-4E80-A61A-5054F026BDB3}"
EndProject
Project("{9A19103F-16F7-4668-BE54-9A1E7A4F7556}") = "Repository", "Autenticacao\Repository\Repository.csproj", "{7C0B1E76-799E-4D47-B617-2485366803FE}"
EndProject
Project("{9A19103F-16F7-4668-BE54-9A1E7A4F7556}") = "Application", "Autenticacao\Application\Application.csproj", "{2746DFE6-F9B5-4FF6-9804-6D4E4D96562E}"
EndProject
Project("{9A19103F-16F7-4668-BE54-9A1E7A4F7556}") = "Api", "Autenticacao\Api\Api.csproj", "{854D8351-ACA3-4981-BEDC-CAEFF3B95687}"
EndProject
Project("{9A19103F-16F7-4668-BE54-9A1E7A4F7556}") = "Application", "MS-OMS\Application\Application.csproj", "{10E23AB4-8E35-4C21-9726-EF7241461616}"
EndProject
Project("{9A19103F-16F7-4668-BE54-9A1E7A4F7556}") = "Domain", "MS-OMS\Domain\Domain.csproj", "{7B1FAC52-3CFA-4D5E-906D-FC77EEA7AD7E}"
EndProject
Project("{9A19103F-16F7-4668-BE54-9A1E7A4F7556}") = "HangfireJobs", "MS-OMS\HangfireJobs\HangfireJobs.csproj", "{5D8FD408-4118-49D0-B868-416559195CE4}"
EndProject
Project("{9A19103F-16F7-4668-BE54-9A1E7A4F7556}") = "Infrastructure", "MS-OMS\Infrastructure\Infrastructure.csproj", "{494B2862-398E-4AEB-9085-755DA2BDD754}"
EndProject
Project("{9A19103F-16F7-4668-BE54-9A1E7A4F7556}") = "Api", "MS-OMS\WebApi\Api.csproj", "{D8159B39-6E17-4E5A-975B-882C31BC62A7}"
EndProject
Project("{9A19103F-16F7-4668-BE54-9A1E7A4F7556}") = "Worker", "MS-OMS\Worker\Worker.csproj", "{EE7318B6-B942-4267-BF7B-95DA87AEA7CB}"
EndProject
Project("{9A19103F-16F7-4668-BE54-9A1E7A4F7556}") = "Application", "MS-WMS\Application\Application.csproj", "{92B90721-13D7-4371-BCCB-F32658FDFFC7}"
EndProject
Project("{9A19103F-16F7-4668-BE54-9A1E7A4F7556}") = "Domain", "MS-WMS\Domain\Domain.csproj", "{83D790E1-ADCD-4217-984A-C4C3EE0460DE}"
EndProject
Project("{9A19103F-16F7-4668-BE54-9A1E7A4F7556}") = "HangfireJobs", "MS-WMS\HangfireJobs\HangfireJobs.csproj", "{200690D6-A981-4384-990D-024E161B71E3}"
EndProject
Project("{9A19103F-16F7-4668-BE54-9A1E7A4F7556}") = "Infrastructure", "MS-WMS\Infrastructure\Infrastructure.csproj", "{6BFE6EE5-786A-44FA-8F37-BAB036BA529C}"
EndProject
Project("{9A19103F-16F7-4668-BE54-9A1E7A4F7556}") = "Api", "MS-WMS\WebApi\Api.csproj", "{221705B6-30C9-4E4B-B767-7E6AE7585D40}"
EndProject
Project("{9A19103F-16F7-4668-BE54-9A1E7A4F7556}") = "Worker", "MS-WMS\Worker\Worker.csproj", "{B619314F-BF93-47D6-BF7F-950A47B67872}"
EndProject
Project("{D954291E-2A0B-460D-934E-DC6B0785DB48}") = "Shared.EventsMessages", "Shared.EventsMessages\Shared.EventsMessages.shproj", "{0C00F816-54FA-4AEF-8809-4A6C60BD47FA}"
EndProject
Global
	GlobalSection(SolutionConfigurationPlatforms) = preSolution
		Debug|Any CPU = Debug|Any CPU
		Release|Any CPU = Release|Any CPU
	EndGlobalSection
	GlobalSection(ProjectConfigurationPlatforms) = postSolution
		{3A1849CF-812F-4E80-A61A-5054F026BDB3}.Debug|Any CPU.ActiveCfg = Debug|Any CPU
		{3A1849CF-812F-4E80-A61A-5054F026BDB3}.Debug|Any CPU.Build.0 = Debug|Any CPU
		{3A1849CF-812F-4E80-A61A-5054F026BDB3}.Release|Any CPU.ActiveCfg = Release|Any CPU
		{3A1849CF-812F-4E80-A61A-5054F026BDB3}.Release|Any CPU.Build.0 = Release|Any CPU
		{7C0B1E76-799E-4D47-B617-2485366803FE}.Debug|Any CPU.ActiveCfg = Debug|Any CPU
		{7C0B1E76-799E-4D47-B617-2485366803FE}.Debug|Any CPU.Build.0 = Debug|Any CPU
		{7C0B1E76-799E-4D47-B617-2485366803FE}.Release|Any CPU.ActiveCfg = Release|Any CPU
		{7C0B1E76-799E-4D47-B617-2485366803FE}.Release|Any CPU.Build.0 = Release|Any CPU
		{2746DFE6-F9B5-4FF6-9804-6D4E4D96562E}.Debug|Any CPU.ActiveCfg = Debug|Any CPU
		{2746DFE6-F9B5-4FF6-9804-6D4E4D96562E}.Debug|Any CPU.Build.0 = Debug|Any CPU
		{2746DFE6-F9B5-4FF6-9804-6D4E4D96562E}.Release|Any CPU.ActiveCfg = Release|Any CPU
		{2746DFE6-F9B5-4FF6-9804-6D4E4D96562E}.Release|Any CPU.Build.0 = Release|Any CPU
		{854D8351-ACA3-4981-BEDC-CAEFF3B95687}.Debug|Any CPU.ActiveCfg = Debug|Any CPU
		{854D8351-ACA3-4981-BEDC-CAEFF3B95687}.Debug|Any CPU.Build.0 = Debug|Any CPU
		{854D8351-ACA3-4981-BEDC-CAEFF3B95687}.Release|Any CPU.ActiveCfg = Release|Any CPU
		{854D8351-ACA3-4981-BEDC-CAEFF3B95687}.Release|Any CPU.Build.0 = Release|Any CPU
		{10E23AB4-8E35-4C21-9726-EF7241461616}.Debug|Any CPU.ActiveCfg = Debug|Any CPU
		{10E23AB4-8E35-4C21-9726-EF7241461616}.Debug|Any CPU.Build.0 = Debug|Any CPU
		{10E23AB4-8E35-4C21-9726-EF7241461616}.Release|Any CPU.ActiveCfg = Release|Any CPU
		{10E23AB4-8E35-4C21-9726-EF7241461616}.Release|Any CPU.Build.0 = Release|Any CPU
		{7B1FAC52-3CFA-4D5E-906D-FC77EEA7AD7E}.Debug|Any CPU.ActiveCfg = Debug|Any CPU
		{7B1FAC52-3CFA-4D5E-906D-FC77EEA7AD7E}.Debug|Any CPU.Build.0 = Debug|Any CPU
		{7B1FAC52-3CFA-4D5E-906D-FC77EEA7AD7E}.Release|Any CPU.ActiveCfg = Release|Any CPU
		{7B1FAC52-3CFA-4D5E-906D-FC77EEA7AD7E}.Release|Any CPU.Build.0 = Release|Any CPU
		{5D8FD408-4118-49D0-B868-416559195CE4}.Debug|Any CPU.ActiveCfg = Debug|Any CPU
		{5D8FD408-4118-49D0-B868-416559195CE4}.Debug|Any CPU.Build.0 = Debug|Any CPU
		{5D8FD408-4118-49D0-B868-416559195CE4}.Release|Any CPU.ActiveCfg = Release|Any CPU
		{5D8FD408-4118-49D0-B868-416559195CE4}.Release|Any CPU.Build.0 = Release|Any CPU
		{494B2862-398E-4AEB-9085-755DA2BDD754}.Debug|Any CPU.ActiveCfg = Debug|Any CPU
		{494B2862-398E-4AEB-9085-755DA2BDD754}.Debug|Any CPU.Build.0 = Debug|Any CPU
		{494B2862-398E-4AEB-9085-755DA2BDD754}.Release|Any CPU.ActiveCfg = Release|Any CPU
		{494B2862-398E-4AEB-9085-755DA2BDD754}.Release|Any CPU.Build.0 = Release|Any CPU
		{D8159B39-6E17-4E5A-975B-882C31BC62A7}.Debug|Any CPU.ActiveCfg = Debug|Any CPU
		{D8159B39-6E17-4E5A-975B-882C31BC62A7}.Debug|Any CPU.Build.0 = Debug|Any CPU
		{D8159B39-6E17-4E5A-975B-882C31BC62A7}.Release|Any CPU.ActiveCfg = Release|Any CPU
		{D8159B39-6E17-4E5A-975B-882C31BC62A7}.Release|Any CPU.Build.0 = Release|Any CPU
		{EE7318B6-B942-4267-BF7B-95DA87AEA7CB}.Debug|Any CPU.ActiveCfg = Debug|Any CPU
		{EE7318B6-B942-4267-BF7B-95DA87AEA7CB}.Debug|Any CPU.Build.0 = Debug|Any CPU
		{EE7318B6-B942-4267-BF7B-95DA87AEA7CB}.Release|Any CPU.ActiveCfg = Release|Any CPU
		{EE7318B6-B942-4267-BF7B-95DA87AEA7CB}.Release|Any CPU.Build.0 = Release|Any CPU
		{92B90721-13D7-4371-BCCB-F32658FDFFC7}.Debug|Any CPU.ActiveCfg = Debug|Any CPU
		{92B90721-13D7-4371-BCCB-F32658FDFFC7}.Debug|Any CPU.Build.0 = Debug|Any CPU
		{92B90721-13D7-4371-BCCB-F32658FDFFC7}.Release|Any CPU.ActiveCfg = Release|Any CPU
		{92B90721-13D7-4371-BCCB-F32658FDFFC7}.Release|Any CPU.Build.0 = Release|Any CPU
		{83D790E1-ADCD-4217-984A-C4C3EE0460DE}.Debug|Any CPU.ActiveCfg = Debug|Any CPU
		{83D790E1-ADCD-4217-984A-C4C3EE0460DE}.Debug|Any CPU.Build.0 = Debug|Any CPU
		{83D790E1-ADCD-4217-984A-C4C3EE0460DE}.Release|Any CPU.ActiveCfg = Release|Any CPU
		{83D790E1-ADCD-4217-984A-C4C3EE0460DE}.Release|Any CPU.Build.0 = Release|Any CPU
		{200690D6-A981-4384-990D-024E161B71E3}.Debug|Any CPU.ActiveCfg = Debug|Any CPU
		{200690D6-A981-4384-990D-024E161B71E3}.Debug|Any CPU.Build.0 = Debug|Any CPU
		{200690D6-A981-4384-990D-024E161B71E3}.Release|Any CPU.ActiveCfg = Release|Any CPU
		{200690D6-A981-4384-990D-024E161B71E3}.Release|Any CPU.Build.0 = Release|Any CPU
		{6BFE6EE5-786A-44FA-8F37-BAB036BA529C}.Debug|Any CPU.ActiveCfg = Debug|Any CPU
		{6BFE6EE5-786A-44FA-8F37-BAB036BA529C}.Debug|Any CPU.Build.0 = Debug|Any CPU
		{6BFE6EE5-786A-44FA-8F37-BAB036BA529C}.Release|Any CPU.ActiveCfg = Release|Any CPU
		{6BFE6EE5-786A-44FA-8F37-BAB036BA529C}.Release|Any CPU.Build.0 = Release|Any CPU
		{221705B6-30C9-4E4B-B767-7E6AE7585D40}.Debug|Any CPU.ActiveCfg = Debug|Any CPU
		{221705B6-30C9-4E4B-B767-7E6AE7585D40}.Debug|Any CPU.Build.0 = Debug|Any CPU
		{221705B6-30C9-4E4B-B767-7E6AE7585D40}.Release|Any CPU.ActiveCfg = Release|Any CPU
		{221705B6-30C9-4E4B-B767-7E6AE7585D40}.Release|Any CPU.Build.0 = Release|Any CPU
		{B619314F-BF93-47D6-BF7F-950A47B67872}.Debug|Any CPU.ActiveCfg = Debug|Any CPU
		{B619314F-BF93-47D6-BF7F-950A47B67872}.Debug|Any CPU.Build.0 = Debug|Any CPU
		{B619314F-BF93-47D6-BF7F-950A47B67872}.Release|Any CPU.ActiveCfg = Release|Any CPU
		{B619314F-BF93-47D6-BF7F-950A47B67872}.Release|Any CPU.Build.0 = Release|Any CPU
	EndGlobalSection
	GlobalSection(SolutionProperties) = preSolution
		HideSolutionNode = FALSE
	EndGlobalSection
	GlobalSection(NestedProjects) = preSolution
		{3A1849CF-812F-4E80-A61A-5054F026BDB3} = {44833BAD-36E1-4270-B35F-32F5F0E85DA2}
		{7C0B1E76-799E-4D47-B617-2485366803FE} = {44833BAD-36E1-4270-B35F-32F5F0E85DA2}
		{2746DFE6-F9B5-4FF6-9804-6D4E4D96562E} = {44833BAD-36E1-4270-B35F-32F5F0E85DA2}
		{854D8351-ACA3-4981-BEDC-CAEFF3B95687} = {44833BAD-36E1-4270-B35F-32F5F0E85DA2}
		{10E23AB4-8E35-4C21-9726-EF7241461616} = {6A0D97E0-29AA-40DF-A1F5-82CD38D2F467}
		{7B1FAC52-3CFA-4D5E-906D-FC77EEA7AD7E} = {6A0D97E0-29AA-40DF-A1F5-82CD38D2F467}
		{5D8FD408-4118-49D0-B868-416559195CE4} = {6A0D97E0-29AA-40DF-A1F5-82CD38D2F467}
		{494B2862-398E-4AEB-9085-755DA2BDD754} = {6A0D97E0-29AA-40DF-A1F5-82CD38D2F467}
		{D8159B39-6E17-4E5A-975B-882C31BC62A7} = {6A0D97E0-29AA-40DF-A1F5-82CD38D2F467}
		{EE7318B6-B942-4267-BF7B-95DA87AEA7CB} = {6A0D97E0-29AA-40DF-A1F5-82CD38D2F467}
		{92B90721-13D7-4371-BCCB-F32658FDFFC7} = {D0B2C178-1881-4C0D-87AA-C94EE7BB04EB}
		{83D790E1-ADCD-4217-984A-C4C3EE0460DE} = {D0B2C178-1881-4C0D-87AA-C94EE7BB04EB}
		{200690D6-A981-4384-990D-024E161B71E3} = {D0B2C178-1881-4C0D-87AA-C94EE7BB04EB}
		{6BFE6EE5-786A-44FA-8F37-BAB036BA529C} = {D0B2C178-1881-4C0D-87AA-C94EE7BB04EB}
		{221705B6-30C9-4E4B-B767-7E6AE7585D40} = {D0B2C178-1881-4C0D-87AA-C94EE7BB04EB}
		{B619314F-BF93-47D6-BF7F-950A47B67872} = {D0B2C178-1881-4C0D-87AA-C94EE7BB04EB}
	EndGlobalSection
	GlobalSection(ExtensibilityGlobals) = postSolution
		SolutionGuid = {A8CC5919-C2F7-4EA0-8627-2E96459350F4}
	EndGlobalSection
	GlobalSection(SharedMSBuildProjectFiles) = preSolution
		Shared.EventsMessages\Shared.EventsMessages.projitems*{0c00f816-54fa-4aef-8809-4a6c60bd47fa}*SharedItemsImports = 13
		Shared.EventsMessages\Shared.EventsMessages.projitems*{7b1fac52-3cfa-4d5e-906d-fc77eea7ad7e}*SharedItemsImports = 5
		Shared.EventsMessages\Shared.EventsMessages.projitems*{83d790e1-adcd-4217-984a-c4c3ee0460de}*SharedItemsImports = 5
	EndGlobalSection
EndGlobal
