
Microsoft Visual Studio Solution File, Format Version 12.00
# Visual Studio Version 17
VisualStudioVersion = 17.2.32630.192
MinimumVisualStudioVersion = 10.0.40219.1
Project("{9A19103F-16F7-4668-BE54-9A1E7A4F7556}") = "Domain", "ms-oms\domain\Domain.csproj", "{9E48FDFC-A0A6-4A9D-BB01-F2E9F57E60C3}"
EndProject
Project("{9A19103F-16F7-4668-BE54-9A1E7A4F7556}") = "Application", "ms-oms\Application\Application.csproj", "{075BA4DD-2246-4190-B34B-6CB38E5B6D63}"
EndProject
Project("{9A19103F-16F7-4668-BE54-9A1E7A4F7556}") = "Infrastructure", "MS-OMS\Infrastructure\Infrastructure.csproj", "{41B39B98-CE17-4978-88B1-67B022A59E58}"
EndProject
Project("{9A19103F-16F7-4668-BE54-9A1E7A4F7556}") = "WebApi", "MS-OMS\WebApi\WebApi.csproj", "{EB9A38F7-0E18-47D7-AA51-4846032B88BD}"
EndProject
Project("{9A19103F-16F7-4668-BE54-9A1E7A4F7556}") = "HangfireJobs", "MS-OMS\HangfireJobs\HangfireJobs.csproj", "{17371FD7-E3C6-4371-8DC4-FAA1292F3140}"
EndProject
Project("{9A19103F-16F7-4668-BE54-9A1E7A4F7556}") = "Worker", "MS-OMS\Worker\Worker.csproj", "{131F21AA-9EB1-4ED9-AB96-1A2C17F5F548}"
EndProject
Project("{D954291E-2A0B-460D-934E-DC6B0785DB48}") = "EventMessage", "EventMessage\EventMessage.shproj", "{E08EC801-4026-40CD-A23E-12B58279B2FF}"
EndProject
Project("{2150E333-8FDC-42A3-9474-1A3956D46DE8}") = "0 - WebApi", "0 - WebApi", "{A0645668-BCCF-495A-A2C4-D92A5E0DAE33}"
EndProject
Project("{2150E333-8FDC-42A3-9474-1A3956D46DE8}") = "1 - TaskBackground", "1 - TaskBackground", "{F00EA918-7317-47F9-B0B3-B9E9969BA6FD}"
EndProject
Project("{2150E333-8FDC-42A3-9474-1A3956D46DE8}") = "2 - Application", "2 - Application", "{EC9069A2-5628-4DBA-BB76-D547964C53B8}"
EndProject
Project("{2150E333-8FDC-42A3-9474-1A3956D46DE8}") = "3 - Domain", "3 - Domain", "{FED30741-73F4-4F9E-94D5-3AE10399DEEE}"
EndProject
Project("{2150E333-8FDC-42A3-9474-1A3956D46DE8}") = "4 - Infra", "4 - Infra", "{B1C47893-57F6-473C-8C28-BD06148B15FD}"
EndProject
Global
	GlobalSection(SolutionConfigurationPlatforms) = preSolution
		Debug|Any CPU = Debug|Any CPU
		Release|Any CPU = Release|Any CPU
	EndGlobalSection
	GlobalSection(ProjectConfigurationPlatforms) = postSolution
		{9E48FDFC-A0A6-4A9D-BB01-F2E9F57E60C3}.Debug|Any CPU.ActiveCfg = Debug|Any CPU
		{9E48FDFC-A0A6-4A9D-BB01-F2E9F57E60C3}.Debug|Any CPU.Build.0 = Debug|Any CPU
		{9E48FDFC-A0A6-4A9D-BB01-F2E9F57E60C3}.Release|Any CPU.ActiveCfg = Release|Any CPU
		{9E48FDFC-A0A6-4A9D-BB01-F2E9F57E60C3}.Release|Any CPU.Build.0 = Release|Any CPU
		{075BA4DD-2246-4190-B34B-6CB38E5B6D63}.Debug|Any CPU.ActiveCfg = Debug|Any CPU
		{075BA4DD-2246-4190-B34B-6CB38E5B6D63}.Debug|Any CPU.Build.0 = Debug|Any CPU
		{075BA4DD-2246-4190-B34B-6CB38E5B6D63}.Release|Any CPU.ActiveCfg = Release|Any CPU
		{075BA4DD-2246-4190-B34B-6CB38E5B6D63}.Release|Any CPU.Build.0 = Release|Any CPU
		{41B39B98-CE17-4978-88B1-67B022A59E58}.Debug|Any CPU.ActiveCfg = Debug|Any CPU
		{41B39B98-CE17-4978-88B1-67B022A59E58}.Debug|Any CPU.Build.0 = Debug|Any CPU
		{41B39B98-CE17-4978-88B1-67B022A59E58}.Release|Any CPU.ActiveCfg = Release|Any CPU
		{41B39B98-CE17-4978-88B1-67B022A59E58}.Release|Any CPU.Build.0 = Release|Any CPU
		{EB9A38F7-0E18-47D7-AA51-4846032B88BD}.Debug|Any CPU.ActiveCfg = Debug|Any CPU
		{EB9A38F7-0E18-47D7-AA51-4846032B88BD}.Debug|Any CPU.Build.0 = Debug|Any CPU
		{EB9A38F7-0E18-47D7-AA51-4846032B88BD}.Release|Any CPU.ActiveCfg = Release|Any CPU
		{EB9A38F7-0E18-47D7-AA51-4846032B88BD}.Release|Any CPU.Build.0 = Release|Any CPU
		{17371FD7-E3C6-4371-8DC4-FAA1292F3140}.Debug|Any CPU.ActiveCfg = Debug|Any CPU
		{17371FD7-E3C6-4371-8DC4-FAA1292F3140}.Debug|Any CPU.Build.0 = Debug|Any CPU
		{17371FD7-E3C6-4371-8DC4-FAA1292F3140}.Release|Any CPU.ActiveCfg = Release|Any CPU
		{17371FD7-E3C6-4371-8DC4-FAA1292F3140}.Release|Any CPU.Build.0 = Release|Any CPU
		{131F21AA-9EB1-4ED9-AB96-1A2C17F5F548}.Debug|Any CPU.ActiveCfg = Debug|Any CPU
		{131F21AA-9EB1-4ED9-AB96-1A2C17F5F548}.Debug|Any CPU.Build.0 = Debug|Any CPU
		{131F21AA-9EB1-4ED9-AB96-1A2C17F5F548}.Release|Any CPU.ActiveCfg = Release|Any CPU
		{131F21AA-9EB1-4ED9-AB96-1A2C17F5F548}.Release|Any CPU.Build.0 = Release|Any CPU
	EndGlobalSection
	GlobalSection(SolutionProperties) = preSolution
		HideSolutionNode = FALSE
	EndGlobalSection
	GlobalSection(NestedProjects) = preSolution
		{9E48FDFC-A0A6-4A9D-BB01-F2E9F57E60C3} = {FED30741-73F4-4F9E-94D5-3AE10399DEEE}
		{075BA4DD-2246-4190-B34B-6CB38E5B6D63} = {EC9069A2-5628-4DBA-BB76-D547964C53B8}
		{41B39B98-CE17-4978-88B1-67B022A59E58} = {B1C47893-57F6-473C-8C28-BD06148B15FD}
		{EB9A38F7-0E18-47D7-AA51-4846032B88BD} = {A0645668-BCCF-495A-A2C4-D92A5E0DAE33}
		{17371FD7-E3C6-4371-8DC4-FAA1292F3140} = {F00EA918-7317-47F9-B0B3-B9E9969BA6FD}
		{131F21AA-9EB1-4ED9-AB96-1A2C17F5F548} = {F00EA918-7317-47F9-B0B3-B9E9969BA6FD}
	EndGlobalSection
	GlobalSection(ExtensibilityGlobals) = postSolution
		SolutionGuid = {9519E611-7386-4869-B0A4-60EE70E75063}
	EndGlobalSection
	GlobalSection(SharedMSBuildProjectFiles) = preSolution
		EventMessage\EventMessage.projitems*{9e48fdfc-a0a6-4a9d-bb01-f2e9f57e60c3}*SharedItemsImports = 5
		EventMessage\EventMessage.projitems*{e08ec801-4026-40cd-a23e-12b58279b2ff}*SharedItemsImports = 13
	EndGlobalSection
EndGlobal
