
Microsoft Visual Studio Solution File, Format Version 12.00
# Visual Studio Version 17
VisualStudioVersion = 17.2.32630.192
MinimumVisualStudioVersion = 10.0.40219.1
Project("{FAE04EC0-301F-11D3-BF4B-00C04F79EFBC}") = "Api", "..\Api\Api.csproj", "{3107341C-1053-4066-B19B-1CB1D3AA3507}"
EndProject
Project("{FAE04EC0-301F-11D3-BF4B-00C04F79EFBC}") = "Application", "Application\Application.csproj", "{5BFECD59-8314-4C71-B70F-44A34B5C519C}"
EndProject
Project("{FAE04EC0-301F-11D3-BF4B-00C04F79EFBC}") = "Domain", "Domain\Domain.csproj", "{5A0DED75-5FD6-45A1-A368-CD4F1603C021}"
EndProject
Project("{FAE04EC0-301F-11D3-BF4B-00C04F79EFBC}") = "Repository", "Repository\Repository.csproj", "{6A2634E6-2BAF-49F9-97C0-AFBE54C5C14D}"
EndProject
Global
	GlobalSection(SolutionConfigurationPlatforms) = preSolution
		Debug|Any CPU = Debug|Any CPU
		Release|Any CPU = Release|Any CPU
	EndGlobalSection
	GlobalSection(ProjectConfigurationPlatforms) = postSolution
		{3107341C-1053-4066-B19B-1CB1D3AA3507}.Debug|Any CPU.ActiveCfg = Debug|Any CPU
		{3107341C-1053-4066-B19B-1CB1D3AA3507}.Debug|Any CPU.Build.0 = Debug|Any CPU
		{3107341C-1053-4066-B19B-1CB1D3AA3507}.Release|Any CPU.ActiveCfg = Release|Any CPU
		{3107341C-1053-4066-B19B-1CB1D3AA3507}.Release|Any CPU.Build.0 = Release|Any CPU
		{5BFECD59-8314-4C71-B70F-44A34B5C519C}.Debug|Any CPU.ActiveCfg = Debug|Any CPU
		{5BFECD59-8314-4C71-B70F-44A34B5C519C}.Debug|Any CPU.Build.0 = Debug|Any CPU
		{5BFECD59-8314-4C71-B70F-44A34B5C519C}.Release|Any CPU.ActiveCfg = Release|Any CPU
		{5BFECD59-8314-4C71-B70F-44A34B5C519C}.Release|Any CPU.Build.0 = Release|Any CPU
		{5A0DED75-5FD6-45A1-A368-CD4F1603C021}.Debug|Any CPU.ActiveCfg = Debug|Any CPU
		{5A0DED75-5FD6-45A1-A368-CD4F1603C021}.Debug|Any CPU.Build.0 = Debug|Any CPU
		{5A0DED75-5FD6-45A1-A368-CD4F1603C021}.Release|Any CPU.ActiveCfg = Release|Any CPU
		{5A0DED75-5FD6-45A1-A368-CD4F1603C021}.Release|Any CPU.Build.0 = Release|Any CPU
		{6A2634E6-2BAF-49F9-97C0-AFBE54C5C14D}.Debug|Any CPU.ActiveCfg = Debug|Any CPU
		{6A2634E6-2BAF-49F9-97C0-AFBE54C5C14D}.Debug|Any CPU.Build.0 = Debug|Any CPU
		{6A2634E6-2BAF-49F9-97C0-AFBE54C5C14D}.Release|Any CPU.ActiveCfg = Release|Any CPU
		{6A2634E6-2BAF-49F9-97C0-AFBE54C5C14D}.Release|Any CPU.Build.0 = Release|Any CPU
	EndGlobalSection
	GlobalSection(SolutionProperties) = preSolution
		HideSolutionNode = FALSE
	EndGlobalSection
	GlobalSection(ExtensibilityGlobals) = postSolution
		SolutionGuid = {79291823-9BBB-4740-8EF0-4D98A35614D6}
	EndGlobalSection
EndGlobal
