
Microsoft Visual Studio Solution File, Format Version 12.00
# Visual Studio Version 17
VisualStudioVersion = 17.3.32901.215
MinimumVisualStudioVersion = 10.0.40219.1
Project("{9A19103F-16F7-4668-BE54-9A1E7A4F7556}") = "Api", "Api\Api.csproj", "{431CB2E8-9BBC-43AA-BB03-1D918680085A}"
EndProject
Project("{9A19103F-16F7-4668-BE54-9A1E7A4F7556}") = "Application", "Application\Application.csproj", "{484433DD-5507-4B40-8BD3-0A4630A37DC0}"
EndProject
Project("{9A19103F-16F7-4668-BE54-9A1E7A4F7556}") = "Domain", "Domain\Domain.csproj", "{ECF72AC6-EA2F-4A53-A007-D9CE1941F6E5}"
EndProject
Project("{9A19103F-16F7-4668-BE54-9A1E7A4F7556}") = "Repository", "Repository\Repository.csproj", "{6EE4FFA3-A223-411B-99A0-2574A807ACAD}"
EndProject
Global
	GlobalSection(SolutionConfigurationPlatforms) = preSolution
		Debug|Any CPU = Debug|Any CPU
		Release|Any CPU = Release|Any CPU
	EndGlobalSection
	GlobalSection(ProjectConfigurationPlatforms) = postSolution
		{431CB2E8-9BBC-43AA-BB03-1D918680085A}.Debug|Any CPU.ActiveCfg = Debug|Any CPU
		{431CB2E8-9BBC-43AA-BB03-1D918680085A}.Debug|Any CPU.Build.0 = Debug|Any CPU
		{431CB2E8-9BBC-43AA-BB03-1D918680085A}.Release|Any CPU.ActiveCfg = Release|Any CPU
		{431CB2E8-9BBC-43AA-BB03-1D918680085A}.Release|Any CPU.Build.0 = Release|Any CPU
		{484433DD-5507-4B40-8BD3-0A4630A37DC0}.Debug|Any CPU.ActiveCfg = Debug|Any CPU
		{484433DD-5507-4B40-8BD3-0A4630A37DC0}.Debug|Any CPU.Build.0 = Debug|Any CPU
		{484433DD-5507-4B40-8BD3-0A4630A37DC0}.Release|Any CPU.ActiveCfg = Release|Any CPU
		{484433DD-5507-4B40-8BD3-0A4630A37DC0}.Release|Any CPU.Build.0 = Release|Any CPU
		{ECF72AC6-EA2F-4A53-A007-D9CE1941F6E5}.Debug|Any CPU.ActiveCfg = Debug|Any CPU
		{ECF72AC6-EA2F-4A53-A007-D9CE1941F6E5}.Debug|Any CPU.Build.0 = Debug|Any CPU
		{ECF72AC6-EA2F-4A53-A007-D9CE1941F6E5}.Release|Any CPU.ActiveCfg = Release|Any CPU
		{ECF72AC6-EA2F-4A53-A007-D9CE1941F6E5}.Release|Any CPU.Build.0 = Release|Any CPU
		{6EE4FFA3-A223-411B-99A0-2574A807ACAD}.Debug|Any CPU.ActiveCfg = Debug|Any CPU
		{6EE4FFA3-A223-411B-99A0-2574A807ACAD}.Debug|Any CPU.Build.0 = Debug|Any CPU
		{6EE4FFA3-A223-411B-99A0-2574A807ACAD}.Release|Any CPU.ActiveCfg = Release|Any CPU
		{6EE4FFA3-A223-411B-99A0-2574A807ACAD}.Release|Any CPU.Build.0 = Release|Any CPU
	EndGlobalSection
	GlobalSection(SolutionProperties) = preSolution
		HideSolutionNode = FALSE
	EndGlobalSection
	GlobalSection(ExtensibilityGlobals) = postSolution
		SolutionGuid = {94429608-6BF5-4517-93A7-7A708B2DAF33}
	EndGlobalSection
EndGlobal
